{
  "lockfileVersion": 1,
  "configVersion": 1,
  "workspaces": {
    "": {
      "name": "backend",
      "dependencies": {
        "postgres": "^3.4.7",
      },
    },
  },
  "packages": {
    "postgres": ["postgres@3.4.8", "", {}, "sha512-d+JFcLM17njZaOLkv6SCev7uoLaBtfK86vMUXhW1Z4glPWh4jozno9APvW/XKFJ3CCxVoC7OL38BqRydtu5nGg=="],
  }
}
